
Microsoft Visual Studio Solution File, Format Version 12.00
# Visual Studio 15
VisualStudioVersion = 15.0.26124.0
MinimumVisualStudioVersion = 15.0.26124.0
Project("{FAE04EC0-301F-11D3-BF4B-00C04F79EFBC}") = "jwplatform", "jwplatform\jwplatform.csproj", "{2C775EB7-E75A-4DED-B2E1-4EC7B0B0458B}"
EndProject
Project("{FAE04EC0-301F-11D3-BF4B-00C04F79EFBC}") = "jwplatform.tests", "jwplatform.tests\jwplatform.tests.csproj", "{11C9FC78-5D51-4FE2-929E-AC02BA77EF29}"
EndProject
Global
	GlobalSection(SolutionConfigurationPlatforms) = preSolution
		Debug|Any CPU = Debug|Any CPU
		Debug|x64 = Debug|x64
		Debug|x86 = Debug|x86
		Release|Any CPU = Release|Any CPU
		Release|x64 = Release|x64
		Release|x86 = Release|x86
	EndGlobalSection
	GlobalSection(SolutionProperties) = preSolution
		HideSolutionNode = FALSE
	EndGlobalSection
	GlobalSection(ProjectConfigurationPlatforms) = postSolution
		{2C775EB7-E75A-4DED-B2E1-4EC7B0B0458B}.Debug|Any CPU.ActiveCfg = Debug|Any CPU
		{2C775EB7-E75A-4DED-B2E1-4EC7B0B0458B}.Debug|Any CPU.Build.0 = Debug|Any CPU
		{2C775EB7-E75A-4DED-B2E1-4EC7B0B0458B}.Debug|x64.ActiveCfg = Debug|Any CPU
		{2C775EB7-E75A-4DED-B2E1-4EC7B0B0458B}.Debug|x64.Build.0 = Debug|Any CPU
		{2C775EB7-E75A-4DED-B2E1-4EC7B0B0458B}.Debug|x86.ActiveCfg = Debug|Any CPU
		{2C775EB7-E75A-4DED-B2E1-4EC7B0B0458B}.Debug|x86.Build.0 = Debug|Any CPU
		{2C775EB7-E75A-4DED-B2E1-4EC7B0B0458B}.Release|Any CPU.ActiveCfg = Release|Any CPU
		{2C775EB7-E75A-4DED-B2E1-4EC7B0B0458B}.Release|Any CPU.Build.0 = Release|Any CPU
		{2C775EB7-E75A-4DED-B2E1-4EC7B0B0458B}.Release|x64.ActiveCfg = Release|Any CPU
		{2C775EB7-E75A-4DED-B2E1-4EC7B0B0458B}.Release|x64.Build.0 = Release|Any CPU
		{2C775EB7-E75A-4DED-B2E1-4EC7B0B0458B}.Release|x86.ActiveCfg = Release|Any CPU
		{2C775EB7-E75A-4DED-B2E1-4EC7B0B0458B}.Release|x86.Build.0 = Release|Any CPU
		{11C9FC78-5D51-4FE2-929E-AC02BA77EF29}.Debug|Any CPU.ActiveCfg = Debug|Any CPU
		{11C9FC78-5D51-4FE2-929E-AC02BA77EF29}.Debug|Any CPU.Build.0 = Debug|Any CPU
		{11C9FC78-5D51-4FE2-929E-AC02BA77EF29}.Debug|x64.ActiveCfg = Debug|Any CPU
		{11C9FC78-5D51-4FE2-929E-AC02BA77EF29}.Debug|x64.Build.0 = Debug|Any CPU
		{11C9FC78-5D51-4FE2-929E-AC02BA77EF29}.Debug|x86.ActiveCfg = Debug|Any CPU
		{11C9FC78-5D51-4FE2-929E-AC02BA77EF29}.Debug|x86.Build.0 = Debug|Any CPU
		{11C9FC78-5D51-4FE2-929E-AC02BA77EF29}.Release|Any CPU.ActiveCfg = Release|Any CPU
		{11C9FC78-5D51-4FE2-929E-AC02BA77EF29}.Release|Any CPU.Build.0 = Release|Any CPU
		{11C9FC78-5D51-4FE2-929E-AC02BA77EF29}.Release|x64.ActiveCfg = Release|Any CPU
		{11C9FC78-5D51-4FE2-929E-AC02BA77EF29}.Release|x64.Build.0 = Release|Any CPU
		{11C9FC78-5D51-4FE2-929E-AC02BA77EF29}.Release|x86.ActiveCfg = Release|Any CPU
		{11C9FC78-5D51-4FE2-929E-AC02BA77EF29}.Release|x86.Build.0 = Release|Any CPU
	EndGlobalSection
EndGlobal
